{
  "name": "uxx-scoped-assessment-tools",
  "version": "1.0.0",
  "lockfileVersion": 3,
  "requires": true,
  "packages": {
    "": {
      "name": "uxx-scoped-assessment-tools",
      "version": "1.0.0",
      "license": "GPL-3.0-or-later",
      "dependencies": {
        "nbb": "1.3.204"
      }
    },
    "node_modules/import-meta-resolve": {
      "version": "4.2.0",
      "resolved": "https://registry.npmjs.org/import-meta-resolve/-/import-meta-resolve-4.2.0.tgz",
      "integrity": "sha512-Iqv2fzaTQN28s/FwZAoFq0ZSs/7hMAHJVX+w8PZl3cY19Pxk6jFFalxQoIfW2826i/fDLXv8IiEZRIT0lDuWcg==",
      "license": "MIT",
      "funding": {
        "type": "github",
        "url": "https://github.com/sponsors/wooorm"
      }
    },
    "node_modules/nbb": {
      "version": "1.3.204",
      "resolved": "https://registry.npmjs.org/nbb/-/nbb-1.3.204.tgz",
      "integrity": "sha512-O4cw+arcQI4Q5pfZy/ds2D77JpqvXyFhr/P0TN3rY1gyUyQpTWc7BWS6WmqVFrNhsGXrqXbBh/bUTuN6OeaQZA==",
      "license": "EPL-1.0",
      "dependencies": {
        "import-meta-resolve": "^4.1.0"
      },
      "bin": {
        "nbb": "cli.js",
        "nbbun": "nbbun.js"
      }
    }
  }
}
